// !$*UTF8*$!
{
	archiveVersion = 1;
	classes = {
	};
	objectVersion = 56;
	objects = {

/* Begin PBXBuildFile section */
		05EDA80F2BF43365004CE081 /* BlueprintReduxApp.swift in Sources */ = {isa = PBXBuildFile; fileRef = 05EDA80E2BF43365004CE081 /* BlueprintReduxApp.swift */; };
		05EDA8112BF43365004CE081 /* ContentView.swift in Sources */ = {isa = PBXBuildFile; fileRef = 05EDA8102BF43365004CE081 /* ContentView.swift */; };
		05EDA8132BF43366004CE081 /* Assets.xcassets in Resources */ = {isa = PBXBuildFile; fileRef = 05EDA8122BF43366004CE081 /* Assets.xcassets */; };
		05EDA8162BF43366004CE081 /* Preview Assets.xcassets in Resources */ = {isa = PBXBuildFile; fileRef = 05EDA8152BF43366004CE081 /* Preview Assets.xcassets */; };
		05EDA8202BF43367004CE081 /* BlueprintReduxTests.swift in Sources */ = {isa = PBXBuildFile; fileRef = 05EDA81F2BF43367004CE081 /* BlueprintReduxTests.swift */; };
		05EDA82A2BF43367004CE081 /* BlueprintReduxUITests.swift in Sources */ = {isa = PBXBuildFile; fileRef = 05EDA8292BF43367004CE081 /* BlueprintReduxUITests.swift */; };
		05EDA82C2BF43367004CE081 /* BlueprintReduxUITestsLaunchTests.swift in Sources */ = {isa = PBXBuildFile; fileRef = 05EDA82B2BF43367004CE081 /* BlueprintReduxUITestsLaunchTests.swift */; };
		05EDA83B2BF4344A004CE081 /* StateBlueprintRedux in Frameworks */ = {isa = PBXBuildFile; productRef = 05EDA83A2BF4344A004CE081 /* StateBlueprintRedux */; };
/* End PBXBuildFile section */

/* Begin PBXContainerItemProxy section */
		05EDA81C2BF43367004CE081 /* PBXContainerItemProxy */ = {
			isa = PBXContainerItemProxy;
			containerPortal = 05EDA8032BF43364004CE081 /* Project object */;
			proxyType = 1;
			remoteGlobalIDString = 05EDA80A2BF43365004CE081;
			remoteInfo = BlueprintRedux;
		};
		05EDA8262BF43367004CE081 /* PBXContainerItemProxy */ = {
			isa = PBXContainerItemProxy;
			containerPortal = 05EDA8032BF43364004CE081 /* Project object */;
			proxyType = 1;
			remoteGlobalIDString = 05EDA80A2BF43365004CE081;
			remoteInfo = BlueprintRedux;
		};
/* End PBXContainerItemProxy section */

/* Begin PBXFileReference section */
		05EDA80B2BF43365004CE081 /* BlueprintRedux.app */ = {isa = PBXFileReference; explicitFileType = wrapper.application; includeInIndex = 0; path = BlueprintRedux.app; sourceTree = BUILT_PRODUCTS_DIR; };
		05EDA80E2BF43365004CE081 /* BlueprintReduxApp.swift */ = {isa = PBXFileReference; lastKnownFileType = sourcecode.swift; path = BlueprintReduxApp.swift; sourceTree = "<group>"; };
		05EDA8102BF43365004CE081 /* ContentView.swift */ = {isa = PBXFileReference; lastKnownFileType = sourcecode.swift; path = ContentView.swift; sourceTree = "<group>"; };
		05EDA8122BF43366004CE081 /* Assets.xcassets */ = {isa = PBXFileReference; lastKnownFileType = folder.assetcatalog; path = Assets.xcassets; sourceTree = "<group>"; };
		05EDA8152BF43366004CE081 /* Preview Assets.xcassets */ = {isa = PBXFileReference; lastKnownFileType = folder.assetcatalog; path = "Preview Assets.xcassets"; sourceTree = "<group>"; };
		05EDA81B2BF43367004CE081 /* BlueprintReduxTests.xctest */ = {isa = PBXFileReference; explicitFileType = wrapper.cfbundle; includeInIndex = 0; path = BlueprintReduxTests.xctest; sourceTree = BUILT_PRODUCTS_DIR; };
		05EDA81F2BF43367004CE081 /* BlueprintReduxTests.swift */ = {isa = PBXFileReference; lastKnownFileType = sourcecode.swift; path = BlueprintReduxTests.swift; sourceTree = "<group>"; };
		05EDA8252BF43367004CE081 /* BlueprintReduxUITests.xctest */ = {isa = PBXFileReference; explicitFileType = wrapper.cfbundle; includeInIndex = 0; path = BlueprintReduxUITests.xctest; sourceTree = BUILT_PRODUCTS_DIR; };
		05EDA8292BF43367004CE081 /* BlueprintReduxUITests.swift */ = {isa = PBXFileReference; lastKnownFileType = sourcecode.swift; path = BlueprintReduxUITests.swift; sourceTree = "<group>"; };
		05EDA82B2BF43367004CE081 /* BlueprintReduxUITestsLaunchTests.swift */ = {isa = PBXFileReference; lastKnownFileType = sourcecode.swift; path = BlueprintReduxUITestsLaunchTests.swift; sourceTree = "<group>"; };
		05EDA8382BF43415004CE081 /* StateBlueprintRedux */ = {isa = PBXFileReference; lastKnownFileType = wrapper; path = StateBlueprintRedux; sourceTree = "<group>"; };
/* End PBXFileReference section */

/* Begin PBXFrameworksBuildPhase section */
		05EDA8082BF43365004CE081 /* Frameworks */ = {
			isa = PBXFrameworksBuildPhase;
			buildActionMask = 2147483647;
			files = (
				05EDA83B2BF4344A004CE081 /* StateBlueprintRedux in Frameworks */,
			);
			runOnlyForDeploymentPostprocessing = 0;
		};
		05EDA8182BF43367004CE081 /* Frameworks */ = {
			isa = PBXFrameworksBuildPhase;
			buildActionMask = 2147483647;
			files = (
			);
			runOnlyForDeploymentPostprocessing = 0;
		};
		05EDA8222BF43367004CE081 /* Frameworks */ = {
			isa = PBXFrameworksBuildPhase;
			buildActionMask = 2147483647;
			files = (
			);
			runOnlyForDeploymentPostprocessing = 0;
		};
/* End PBXFrameworksBuildPhase section */

/* Begin PBXGroup section */
		05EDA8022BF43364004CE081 = {
			isa = PBXGroup;
			children = (
				05EDA8382BF43415004CE081 /* StateBlueprintRedux */,
				05EDA80D2BF43365004CE081 /* BlueprintRedux */,
				05EDA81E2BF43367004CE081 /* BlueprintReduxTests */,
				05EDA8282BF43367004CE081 /* BlueprintReduxUITests */,
				05EDA80C2BF43365004CE081 /* Products */,
				05EDA8392BF4344A004CE081 /* Frameworks */,
			);
			sourceTree = "<group>";
		};
		05EDA80C2BF43365004CE081 /* Products */ = {
			isa = PBXGroup;
			children = (
				05EDA80B2BF43365004CE081 /* BlueprintRedux.app */,
				05EDA81B2BF43367004CE081 /* BlueprintReduxTests.xctest */,
				05EDA8252BF43367004CE081 /* BlueprintReduxUITests.xctest */,
			);
			name = Products;
			sourceTree = "<group>";
		};
		05EDA80D2BF43365004CE081 /* BlueprintRedux */ = {
			isa = PBXGroup;
			children = (
				05EDA80E2BF43365004CE081 /* BlueprintReduxApp.swift */,
				05EDA8102BF43365004CE081 /* ContentView.swift */,
				05EDA8122BF43366004CE081 /* Assets.xcassets */,
				05EDA8142BF43366004CE081 /* Preview Content */,
			);
			path = BlueprintRedux;
			sourceTree = "<group>";
		};
		05EDA8142BF43366004CE081 /* Preview Content */ = {
			isa = PBXGroup;
			children = (
				05EDA8152BF43366004CE081 /* Preview Assets.xcassets */,
			);
			path = "Preview Content";
			sourceTree = "<group>";
		};
		05EDA81E2BF43367004CE081 /* BlueprintReduxTests */ = {
			isa = PBXGroup;
			children = (
				05EDA81F2BF43367004CE081 /* BlueprintReduxTests.swift */,
			);
			path = BlueprintReduxTests;
			sourceTree = "<group>";
		};
		05EDA8282BF43367004CE081 /* BlueprintReduxUITests */ = {
			isa = PBXGroup;
			children = (
				05EDA8292BF43367004CE081 /* BlueprintReduxUITests.swift */,
				05EDA82B2BF43367004CE081 /* BlueprintReduxUITestsLaunchTests.swift */,
			);
			path = BlueprintReduxUITests;
			sourceTree = "<group>";
		};
		05EDA8392BF4344A004CE081 /* Frameworks */ = {
			isa = PBXGroup;
			children = (
			);
			name = Frameworks;
			sourceTree = "<group>";
		};
/* End PBXGroup section */

/* Begin PBXNativeTarget section */
		05EDA80A2BF43365004CE081 /* BlueprintRedux */ = {
			isa = PBXNativeTarget;
			buildConfigurationList = 05EDA82F2BF43367004CE081 /* Build configuration list for PBXNativeTarget "BlueprintRedux" */;
			buildPhases = (
				05EDA8072BF43365004CE081 /* Sources */,
				05EDA8082BF43365004CE081 /* Frameworks */,
				05EDA8092BF43365004CE081 /* Resources */,
			);
			buildRules = (
			);
			dependencies = (
			);
			name = BlueprintRedux;
			packageProductDependencies = (
				05EDA83A2BF4344A004CE081 /* StateBlueprintRedux */,
			);
			productName = BlueprintRedux;
			productReference = 05EDA80B2BF43365004CE081 /* BlueprintRedux.app */;
			productType = "com.apple.product-type.application";
		};
		05EDA81A2BF43367004CE081 /* BlueprintReduxTests */ = {
			isa = PBXNativeTarget;
			buildConfigurationList = 05EDA8322BF43367004CE081 /* Build configuration list for PBXNativeTarget "BlueprintReduxTests" */;
			buildPhases = (
				05EDA8172BF43367004CE081 /* Sources */,
				05EDA8182BF43367004CE081 /* Frameworks */,
				05EDA8192BF43367004CE081 /* Resources */,
			);
			buildRules = (
			);
			dependencies = (
				05EDA81D2BF43367004CE081 /* PBXTargetDependency */,
			);
			name = BlueprintReduxTests;
			productName = BlueprintReduxTests;
			productReference = 05EDA81B2BF43367004CE081 /* BlueprintReduxTests.xctest */;
			productType = "com.apple.product-type.bundle.unit-test";
		};
		05EDA8242BF43367004CE081 /* BlueprintReduxUITests */ = {
			isa = PBXNativeTarget;
			buildConfigurationList = 05EDA8352BF43367004CE081 /* Build configuration list for PBXNativeTarget "BlueprintReduxUITests" */;
			buildPhases = (
				05EDA8212BF43367004CE081 /* Sources */,
				05EDA8222BF43367004CE081 /* Frameworks */,
				05EDA8232BF43367004CE081 /* Resources */,
			);
			buildRules = (
			);
			dependencies = (
				05EDA8272BF43367004CE081 /* PBXTargetDependency */,
			);
			name = BlueprintReduxUITests;
			productName = BlueprintReduxUITests;
			productReference = 05EDA8252BF43367004CE081 /* BlueprintReduxUITests.xctest */;
			productType = "com.apple.product-type.bundle.ui-testing";
		};
/* End PBXNativeTarget section */

/* Begin PBXProject section */
		05EDA8032BF43364004CE081 /* Project object */ = {
			isa = PBXProject;
			attributes = {
				BuildIndependentTargetsInParallel = 1;
				LastSwiftUpdateCheck = 1530;
				LastUpgradeCheck = 1530;
				TargetAttributes = {
					05EDA80A2BF43365004CE081 = {
						CreatedOnToolsVersion = 15.3;
					};
					05EDA81A2BF43367004CE081 = {
						CreatedOnToolsVersion = 15.3;
						TestTargetID = 05EDA80A2BF43365004CE081;
					};
					05EDA8242BF43367004CE081 = {
						CreatedOnToolsVersion = 15.3;
						TestTargetID = 05EDA80A2BF43365004CE081;
					};
				};
			};
			buildConfigurationList = 05EDA8062BF43364004CE081 /* Build configuration list for PBXProject "BlueprintRedux" */;
			compatibilityVersion = "Xcode 14.0";
			developmentRegion = en;
			hasScannedForEncodings = 0;
			knownRegions = (
				en,
				Base,
			);
			mainGroup = 05EDA8022BF43364004CE081;
			productRefGroup = 05EDA80C2BF43365004CE081 /* Products */;
			projectDirPath = "";
			projectRoot = "";
			targets = (
				05EDA80A2BF43365004CE081 /* BlueprintRedux */,
				05EDA81A2BF43367004CE081 /* BlueprintReduxTests */,
				05EDA8242BF43367004CE081 /* BlueprintReduxUITests */,
			);
		};
/* End PBXProject section */

/* Begin PBXResourcesBuildPhase section */
		05EDA8092BF43365004CE081 /* Resources */ = {
			isa = PBXResourcesBuildPhase;
			buildActionMask = 2147483647;
			files = (
				05EDA8162BF43366004CE081 /* Preview Assets.xcassets in Resources */,
				05EDA8132BF43366004CE081 /* Assets.xcassets in Resources */,
			);
			runOnlyForDeploymentPostprocessing = 0;
		};
		05EDA8192BF43367004CE081 /* Resources */ = {
			isa = PBXResourcesBuildPhase;
			buildActionMask = 2147483647;
			files = (
			);
			runOnlyForDeploymentPostprocessing = 0;
		};
		05EDA8232BF43367004CE081 /* Resources */ = {
			isa = PBXResourcesBuildPhase;
			buildActionMask = 2147483647;
			files = (
			);
			runOnlyForDeploymentPostprocessing = 0;
		};
/* End PBXResourcesBuildPhase section */

/* Begin PBXSourcesBuildPhase section */
		05EDA8072BF43365004CE081 /* Sources */ = {
			isa = PBXSourcesBuildPhase;
			buildActionMask = 2147483647;
			files = (
				05EDA8112BF43365004CE081 /* ContentView.swift in Sources */,
				05EDA80F2BF43365004CE081 /* BlueprintReduxApp.swift in Sources */,
			);
			runOnlyForDeploymentPostprocessing = 0;
		};
		05EDA8172BF43367004CE081 /* Sources */ = {
			isa = PBXSourcesBuildPhase;
			buildActionMask = 2147483647;
			files = (
				05EDA8202BF43367004CE081 /* BlueprintReduxTests.swift in Sources */,
			);
			runOnlyForDeploymentPostprocessing = 0;
		};
		05EDA8212BF43367004CE081 /* Sources */ = {
			isa = PBXSourcesBuildPhase;
			buildActionMask = 2147483647;
			files = (
				05EDA82A2BF43367004CE081 /* BlueprintReduxUITests.swift in Sources */,
				05EDA82C2BF43367004CE081 /* BlueprintReduxUITestsLaunchTests.swift in Sources */,
			);
			runOnlyForDeploymentPostprocessing = 0;
		};
/* End PBXSourcesBuildPhase section */

/* Begin PBXTargetDependency section */
		05EDA81D2BF43367004CE081 /* PBXTargetDependency */ = {
			isa = PBXTargetDependency;
			target = 05EDA80A2BF43365004CE081 /* BlueprintRedux */;
			targetProxy = 05EDA81C2BF43367004CE081 /* PBXContainerItemProxy */;
		};
		05EDA8272BF43367004CE081 /* PBXTargetDependency */ = {
			isa = PBXTargetDependency;
			target = 05EDA80A2BF43365004CE081 /* BlueprintRedux */;
			targetProxy = 05EDA8262BF43367004CE081 /* PBXContainerItemProxy */;
		};
/* End PBXTargetDependency section */

/* Begin XCBuildConfiguration section */
		05EDA82D2BF43367004CE081 /* Debug */ = {
			isa = XCBuildConfiguration;
			buildSettings = {
				ALWAYS_SEARCH_USER_PATHS = NO;
				ASSETCATALOG_COMPILER_GENERATE_SWIFT_ASSET_SYMBOL_EXTENSIONS = YES;
				CLANG_ANALYZER_NONNULL = YES;
				CLANG_ANALYZER_NUMBER_OBJECT_CONVERSION = YES_AGGRESSIVE;
				CLANG_CXX_LANGUAGE_STANDARD = "gnu++20";
				CLANG_ENABLE_MODULES = YES;
				CLANG_ENABLE_OBJC_ARC = YES;
				CLANG_ENABLE_OBJC_WEAK = YES;
				CLANG_WARN_BLOCK_CAPTURE_AUTORELEASING = YES;
				CLANG_WARN_BOOL_CONVERSION = YES;
				CLANG_WARN_COMMA = YES;
				CLANG_WARN_CONSTANT_CONVERSION = YES;
				CLANG_WARN_DEPRECATED_OBJC_IMPLEMENTATIONS = YES;
				CLANG_WARN_DIRECT_OBJC_ISA_USAGE = YES_ERROR;
				CLANG_WARN_DOCUMENTATION_COMMENTS = YES;
				CLANG_WARN_EMPTY_BODY = YES;
				CLANG_WARN_ENUM_CONVERSION = YES;
				CLANG_WARN_INFINITE_RECURSION = YES;
				CLANG_WARN_INT_CONVERSION = YES;
				CLANG_WARN_NON_LITERAL_NULL_CONVERSION = YES;
				CLANG_WARN_OBJC_IMPLICIT_RETAIN_SELF = YES;
				CLANG_WARN_OBJC_LITERAL_CONVERSION = YES;
				CLANG_WARN_OBJC_ROOT_CLASS = YES_ERROR;
				CLANG_WARN_QUOTED_INCLUDE_IN_FRAMEWORK_HEADER = YES;
				CLANG_WARN_RANGE_LOOP_ANALYSIS = YES;
				CLANG_WARN_STRICT_PROTOTYPES = YES;
				CLANG_WARN_SUSPICIOUS_MOVE = YES;
				CLANG_WARN_UNGUARDED_AVAILABILITY = YES_AGGRESSIVE;
				CLANG_WARN_UNREACHABLE_CODE = YES;
				CLANG_WARN__DUPLICATE_METHOD_MATCH = YES;
				COPY_PHASE_STRIP = NO;
				DEBUG_INFORMATION_FORMAT = dwarf;
				ENABLE_STRICT_OBJC_MSGSEND = YES;
				ENABLE_TESTABILITY = YES;
				ENABLE_USER_SCRIPT_SANDBOXING = YES;
				GCC_C_LANGUAGE_STANDARD = gnu17;
				GCC_DYNAMIC_NO_PIC = NO;
				GCC_NO_COMMON_BLOCKS = YES;
				GCC_OPTIMIZATION_LEVEL = 0;
				GCC_PREPROCESSOR_DEFINITIONS = (
					"DEBUG=1",
					"$(inherited)",
				);
				GCC_WARN_64_TO_32_BIT_CONVERSION = YES;
				GCC_WARN_ABOUT_RETURN_TYPE = YES_ERROR;
				GCC_WARN_UNDECLARED_SELECTOR = YES;
				GCC_WARN_UNINITIALIZED_AUTOS = YES_AGGRESSIVE;
				GCC_WARN_UNUSED_FUNCTION = YES;
				GCC_WARN_UNUSED_VARIABLE = YES;
				IPHONEOS_DEPLOYMENT_TARGET = 17.4;
				LOCALIZATION_PREFERS_STRING_CATALOGS = YES;
				MTL_ENABLE_DEBUG_INFO = INCLUDE_SOURCE;
				MTL_FAST_MATH = YES;
				ONLY_ACTIVE_ARCH = YES;
				SDKROOT = iphoneos;
				SWIFT_ACTIVE_COMPILATION_CONDITIONS = "DEBUG $(inherited)";
				SWIFT_OPTIMIZATION_LEVEL = "-Onone";
			};
			name = Debug;
		};
		05EDA82E2BF43367004CE081 /* Release */ = {
			isa = XCBuildConfiguration;
			buildSettings = {
				ALWAYS_SEARCH_USER_PATHS = NO;
				ASSETCATALOG_COMPILER_GENERATE_SWIFT_ASSET_SYMBOL_EXTENSIONS = YES;
				CLANG_ANALYZER_NONNULL = YES;
				CLANG_ANALYZER_NUMBER_OBJECT_CONVERSION = YES_AGGRESSIVE;
				CLANG_CXX_LANGUAGE_STANDARD = "gnu++20";
				CLANG_ENABLE_MODULES = YES;
				CLANG_ENABLE_OBJC_ARC = YES;
				CLANG_ENABLE_OBJC_WEAK = YES;
				CLANG_WARN_BLOCK_CAPTURE_AUTORELEASING = YES;
				CLANG_WARN_BOOL_CONVERSION = YES;
				CLANG_WARN_COMMA = YES;
				CLANG_WARN_CONSTANT_CONVERSION = YES;
				CLANG_WARN_DEPRECATED_OBJC_IMPLEMENTATIONS = YES;
				CLANG_WARN_DIRECT_OBJC_ISA_USAGE = YES_ERROR;
				CLANG_WARN_DOCUMENTATION_COMMENTS = YES;
				CLANG_WARN_EMPTY_BODY = YES;
				CLANG_WARN_ENUM_CONVERSION = YES;
				CLANG_WARN_INFINITE_RECURSION = YES;
				CLANG_WARN_INT_CONVERSION = YES;
				CLANG_WARN_NON_LITERAL_NULL_CONVERSION = YES;
				CLANG_WARN_OBJC_IMPLICIT_RETAIN_SELF = YES;
				CLANG_WARN_OBJC_LITERAL_CONVERSION = YES;
				CLANG_WARN_OBJC_ROOT_CLASS = YES_ERROR;
				CLANG_WARN_QUOTED_INCLUDE_IN_FRAMEWORK_HEADER = YES;
				CLANG_WARN_RANGE_LOOP_ANALYSIS = YES;
				CLANG_WARN_STRICT_PROTOTYPES = YES;
				CLANG_WARN_SUSPICIOUS_MOVE = YES;
				CLANG_WARN_UNGUARDED_AVAILABILITY = YES_AGGRESSIVE;
				CLANG_WARN_UNREACHABLE_CODE = YES;
				CLANG_WARN__DUPLICATE_METHOD_MATCH = YES;
				COPY_PHASE_STRIP = NO;
				DEBUG_INFORMATION_FORMAT = "dwarf-with-dsym";
				ENABLE_NS_ASSERTIONS = NO;
				ENABLE_STRICT_OBJC_MSGSEND = YES;
				ENABLE_USER_SCRIPT_SANDBOXING = YES;
				GCC_C_LANGUAGE_STANDARD = gnu17;
				GCC_NO_COMMON_BLOCKS = YES;
				GCC_WARN_64_TO_32_BIT_CONVERSION = YES;
				GCC_WARN_ABOUT_RETURN_TYPE = YES_ERROR;
				GCC_WARN_UNDECLARED_SELECTOR = YES;
				GCC_WARN_UNINITIALIZED_AUTOS = YES_AGGRESSIVE;
				GCC_WARN_UNUSED_FUNCTION = YES;
				GCC_WARN_UNUSED_VARIABLE = YES;
				IPHONEOS_DEPLOYMENT_TARGET = 17.4;
				LOCALIZATION_PREFERS_STRING_CATALOGS = YES;
				MTL_ENABLE_DEBUG_INFO = NO;
				MTL_FAST_MATH = YES;
				SDKROOT = iphoneos;
				SWIFT_COMPILATION_MODE = wholemodule;
				VALIDATE_PRODUCT = YES;
			};
			name = Release;
		};
		05EDA8302BF43367004CE081 /* Debug */ = {
			isa = XCBuildConfiguration;
			buildSettings = {
				ASSETCATALOG_COMPILER_APPICON_NAME = AppIcon;
				ASSETCATALOG_COMPILER_GLOBAL_ACCENT_COLOR_NAME = AccentColor;
				CODE_SIGN_STYLE = Automatic;
				CURRENT_PROJECT_VERSION = 1;
				DEVELOPMENT_ASSET_PATHS = "\"BlueprintRedux/Preview Content\"";
				DEVELOPMENT_TEAM = T6KHP87R84;
				ENABLE_PREVIEWS = YES;
				GENERATE_INFOPLIST_FILE = YES;
				INFOPLIST_KEY_UIApplicationSceneManifest_Generation = YES;
				INFOPLIST_KEY_UIApplicationSupportsIndirectInputEvents = YES;
				INFOPLIST_KEY_UILaunchScreen_Generation = YES;
				INFOPLIST_KEY_UISupportedInterfaceOrientations_iPad = "UIInterfaceOrientationPortrait UIInterfaceOrientationPortraitUpsideDown UIInterfaceOrientationLandscapeLeft UIInterfaceOrientationLandscapeRight";
				INFOPLIST_KEY_UISupportedInterfaceOrientations_iPhone = "UIInterfaceOrientationPortrait UIInterfaceOrientationLandscapeLeft UIInterfaceOrientationLandscapeRight";
				LD_RUNPATH_SEARCH_PATHS = (
					"$(inherited)",
					"@executable_path/Frameworks",
				);
				MARKETING_VERSION = 1.0;
				PRODUCT_BUNDLE_IDENTIFIER = com.blueprint.BlueprintRedux;
				PRODUCT_NAME = "$(TARGET_NAME)";
				SWIFT_EMIT_LOC_STRINGS = YES;
				SWIFT_VERSION = 5.0;
				TARGETED_DEVICE_FAMILY = "1,2";
			};
			name = Debug;
		};
		05EDA8312BF43367004CE081 /* Release */ = {
			isa = XCBuildConfiguration;
			buildSettings = {
				ASSETCATALOG_COMPILER_APPICON_NAME = AppIcon;
				ASSETCATALOG_COMPILER_GLOBAL_ACCENT_COLOR_NAME = AccentColor;
				CODE_SIGN_STYLE = Automatic;
				CURRENT_PROJECT_VERSION = 1;
				DEVELOPMENT_ASSET_PATHS = "\"BlueprintRedux/Preview Content\"";
				DEVELOPMENT_TEAM = T6KHP87R84;
				ENABLE_PREVIEWS = YES;
				GENERATE_INFOPLIST_FILE = YES;
				INFOPLIST_KEY_UIApplicationSceneManifest_Generation = YES;
				INFOPLIST_KEY_UIApplicationSupportsIndirectInputEvents = YES;
				INFOPLIST_KEY_UILaunchScreen_Generation = YES;
				INFOPLIST_KEY_UISupportedInterfaceOrientations_iPad = "UIInterfaceOrientationPortrait UIInterfaceOrientationPortraitUpsideDown UIInterfaceOrientationLandscapeLeft UIInterfaceOrientationLandscapeRight";
				INFOPLIST_KEY_UISupportedInterfaceOrientations_iPhone = "UIInterfaceOrientationPortrait UIInterfaceOrientationLandscapeLeft UIInterfaceOrientationLandscapeRight";
				LD_RUNPATH_SEARCH_PATHS = (
					"$(inherited)",
					"@executable_path/Frameworks",
				);
				MARKETING_VERSION = 1.0;
				PRODUCT_BUNDLE_IDENTIFIER = com.blueprint.BlueprintRedux;
				PRODUCT_NAME = "$(TARGET_NAME)";
				SWIFT_EMIT_LOC_STRINGS = YES;
				SWIFT_VERSION = 5.0;
				TARGETED_DEVICE_FAMILY = "1,2";
			};
			name = Release;
		};
		05EDA8332BF43367004CE081 /* Debug */ = {
			isa = XCBuildConfiguration;
			buildSettings = {
				ALWAYS_EMBED_SWIFT_STANDARD_LIBRARIES = YES;
				BUNDLE_LOADER = "$(TEST_HOST)";
				CODE_SIGN_STYLE = Automatic;
				CURRENT_PROJECT_VERSION = 1;
				DEVELOPMENT_TEAM = T6KHP87R84;
				GENERATE_INFOPLIST_FILE = YES;
				IPHONEOS_DEPLOYMENT_TARGET = 17.4;
				MARKETING_VERSION = 1.0;
				PRODUCT_BUNDLE_IDENTIFIER = com.blueprint.BlueprintReduxTests;
				PRODUCT_NAME = "$(TARGET_NAME)";
				SWIFT_EMIT_LOC_STRINGS = NO;
				SWIFT_VERSION = 5.0;
				TARGETED_DEVICE_FAMILY = "1,2";
				TEST_HOST = "$(BUILT_PRODUCTS_DIR)/BlueprintRedux.app/$(BUNDLE_EXECUTABLE_FOLDER_PATH)/BlueprintRedux";
			};
			name = Debug;
		};
		05EDA8342BF43367004CE081 /* Release */ = {
			isa = XCBuildConfiguration;
			buildSettings = {
				ALWAYS_EMBED_SWIFT_STANDARD_LIBRARIES = YES;
				BUNDLE_LOADER = "$(TEST_HOST)";
				CODE_SIGN_STYLE = Automatic;
				CURRENT_PROJECT_VERSION = 1;
				DEVELOPMENT_TEAM = T6KHP87R84;
				GENERATE_INFOPLIST_FILE = YES;
				IPHONEOS_DEPLOYMENT_TARGET = 17.4;
				MARKETING_VERSION = 1.0;
				PRODUCT_BUNDLE_IDENTIFIER = com.blueprint.BlueprintReduxTests;
				PRODUCT_NAME = "$(TARGET_NAME)";
				SWIFT_EMIT_LOC_STRINGS = NO;
				SWIFT_VERSION = 5.0;
				TARGETED_DEVICE_FAMILY = "1,2";
				TEST_HOST = "$(BUILT_PRODUCTS_DIR)/BlueprintRedux.app/$(BUNDLE_EXECUTABLE_FOLDER_PATH)/BlueprintRedux";
			};
			name = Release;
		};
		05EDA8362BF43367004CE081 /* Debug */ = {
			isa = XCBuildConfiguration;
			buildSettings = {
				ALWAYS_EMBED_SWIFT_STANDARD_LIBRARIES = YES;
				CODE_SIGN_STYLE = Automatic;
				CURRENT_PROJECT_VERSION = 1;
				DEVELOPMENT_TEAM = T6KHP87R84;
				GENERATE_INFOPLIST_FILE = YES;
				MARKETING_VERSION = 1.0;
				PRODUCT_BUNDLE_IDENTIFIER = com.blueprint.BlueprintReduxUITests;
				PRODUCT_NAME = "$(TARGET_NAME)";
				SWIFT_EMIT_LOC_STRINGS = NO;
				SWIFT_VERSION = 5.0;
				TARGETED_DEVICE_FAMILY = "1,2";
				TEST_TARGET_NAME = BlueprintRedux;
			};
			name = Debug;
		};
		05EDA8372BF43367004CE081 /* Release */ = {
			isa = XCBuildConfiguration;
			buildSettings = {
				ALWAYS_EMBED_SWIFT_STANDARD_LIBRARIES = YES;
				CODE_SIGN_STYLE = Automatic;
				CURRENT_PROJECT_VERSION = 1;
				DEVELOPMENT_TEAM = T6KHP87R84;
				GENERATE_INFOPLIST_FILE = YES;
				MARKETING_VERSION = 1.0;
				PRODUCT_BUNDLE_IDENTIFIER = com.blueprint.BlueprintReduxUITests;
				PRODUCT_NAME = "$(TARGET_NAME)";
				SWIFT_EMIT_LOC_STRINGS = NO;
				SWIFT_VERSION = 5.0;
				TARGETED_DEVICE_FAMILY = "1,2";
				TEST_TARGET_NAME = BlueprintRedux;
			};
			name = Release;
		};
/* End XCBuildConfiguration section */

/* Begin XCConfigurationList section */
		05EDA8062BF43364004CE081 /* Build configuration list for PBXProject "BlueprintRedux" */ = {
			isa = XCConfigurationList;
			buildConfigurations = (
				05EDA82D2BF43367004CE081 /* Debug */,
				05EDA82E2BF43367004CE081 /* Release */,
			);
			defaultConfigurationIsVisible = 0;
			defaultConfigurationName = Release;
		};
		05EDA82F2BF43367004CE081 /* Build configuration list for PBXNativeTarget "BlueprintRedux" */ = {
			isa = XCConfigurationList;
			buildConfigurations = (
				05EDA8302BF43367004CE081 /* Debug */,
				05EDA8312BF43367004CE081 /* Release */,
			);
			defaultConfigurationIsVisible = 0;
			defaultConfigurationName = Release;
		};
		05EDA8322BF43367004CE081 /* Build configuration list for PBXNativeTarget "BlueprintReduxTests" */ = {
			isa = XCConfigurationList;
			buildConfigurations = (
				05EDA8332BF43367004CE081 /* Debug */,
				05EDA8342BF43367004CE081 /* Release */,
			);
			defaultConfigurationIsVisible = 0;
			defaultConfigurationName = Release;
		};
		05EDA8352BF43367004CE081 /* Build configuration list for PBXNativeTarget "BlueprintReduxUITests" */ = {
			isa = XCConfigurationList;
			buildConfigurations = (
				05EDA8362BF43367004CE081 /* Debug */,
				05EDA8372BF43367004CE081 /* Release */,
			);
			defaultConfigurationIsVisible = 0;
			defaultConfigurationName = Release;
		};
/* End XCConfigurationList section */

/* Begin XCSwiftPackageProductDependency section */
		05EDA83A2BF4344A004CE081 /* StateBlueprintRedux */ = {
			isa = XCSwiftPackageProductDependency;
			productName = StateBlueprintRedux;
		};
/* End XCSwiftPackageProductDependency section */
	};
	rootObject = 05EDA8032BF43364004CE081 /* Project object */;
}
